
Microsoft Visual Studio Solution File, Format Version 12.00
# Visual Studio Version 17
VisualStudioVersion = 17.1.32228.430
MinimumVisualStudioVersion = 10.0.40219.1
Project("{FAE04EC0-301F-11D3-BF4B-00C04F79EFBC}") = "MVCCrudCodeFirst", "MVCCrudCodeFirst\MVCCrudCodeFirst.csproj", "{58B8C5C5-8838-4EA9-92A5-03B3DD5E60D0}"
EndProject
Global
	GlobalSection(SolutionConfigurationPlatforms) = preSolution
		Debug|Any CPU = Debug|Any CPU
		Release|Any CPU = Release|Any CPU
	EndGlobalSection
	GlobalSection(ProjectConfigurationPlatforms) = postSolution
		{58B8C5C5-8838-4EA9-92A5-03B3DD5E60D0}.Debug|Any CPU.ActiveCfg = Debug|Any CPU
		{58B8C5C5-8838-4EA9-92A5-03B3DD5E60D0}.Debug|Any CPU.Build.0 = Debug|Any CPU
		{58B8C5C5-8838-4EA9-92A5-03B3DD5E60D0}.Release|Any CPU.ActiveCfg = Release|Any CPU
		{58B8C5C5-8838-4EA9-92A5-03B3DD5E60D0}.Release|Any CPU.Build.0 = Release|Any CPU
	EndGlobalSection
	GlobalSection(SolutionProperties) = preSolution
		HideSolutionNode = FALSE
	EndGlobalSection
	GlobalSection(ExtensibilityGlobals) = postSolution
		SolutionGuid = {1F88528A-4050-40DD-BB4D-E0CF7190C2BD}
	EndGlobalSection
EndGlobal
